// !$*UTF8*$!
{
	archiveVersion = 1;
	classes = {
	};
	objectVersion = 55;
	objects = {

/* Begin PBXBuildFile section */
		9E94367864FA5684963F45E1 /* Pods_vadmitrievaPW6.framework in Frameworks */ = {isa = PBXBuildFile; fileRef = 6C4A1C953BFC4ABCDCAE97C8 /* Pods_vadmitrievaPW6.framework */; };
		F909B3F52746E2C8004885BD /* AppDelegate.swift in Sources */ = {isa = PBXBuildFile; fileRef = F909B3F42746E2C8004885BD /* AppDelegate.swift */; };
		F909B3F72746E2C8004885BD /* SceneDelegate.swift in Sources */ = {isa = PBXBuildFile; fileRef = F909B3F62746E2C8004885BD /* SceneDelegate.swift */; };
		F909B3F92746E2C8004885BD /* ViewController.swift in Sources */ = {isa = PBXBuildFile; fileRef = F909B3F82746E2C8004885BD /* ViewController.swift */; };
		F909B3FE2746E2D3004885BD /* Assets.xcassets in Resources */ = {isa = PBXBuildFile; fileRef = F909B3FD2746E2D3004885BD /* Assets.xcassets */; };
		F909B4012746E2D3004885BD /* LaunchScreen.storyboard in Resources */ = {isa = PBXBuildFile; fileRef = F909B3FF2746E2D3004885BD /* LaunchScreen.storyboard */; };
		F909B42527471486004885BD /* MyLogger1.framework in Frameworks */ = {isa = PBXBuildFile; fileRef = F909B4232747139A004885BD /* MyLogger1.framework */; };
		F909B42627471486004885BD /* MyLogger1.framework in Embed Frameworks */ = {isa = PBXBuildFile; fileRef = F909B4232747139A004885BD /* MyLogger1.framework */; settings = {ATTRIBUTES = (CodeSignOnCopy, RemoveHeadersOnCopy, ); }; };
		F909B42B27472BD4004885BD /* MyLogger2 in Frameworks */ = {isa = PBXBuildFile; productRef = F909B42A27472BD4004885BD /* MyLogger2 */; };
/* End PBXBuildFile section */

/* Begin PBXContainerItemProxy section */
		F909B4222747139A004885BD /* PBXContainerItemProxy */ = {
			isa = PBXContainerItemProxy;
			containerPortal = F909B41E27471399004885BD /* MyLogger1.xcodeproj */;
			proxyType = 2;
			remoteGlobalIDString = F909B4122746F220004885BD;
			remoteInfo = MyLogger1;
		};
/* End PBXContainerItemProxy section */

/* Begin PBXCopyFilesBuildPhase section */
		F909B42727471487004885BD /* Embed Frameworks */ = {
			isa = PBXCopyFilesBuildPhase;
			buildActionMask = 2147483647;
			dstPath = "";
			dstSubfolderSpec = 10;
			files = (
				F909B42627471486004885BD /* MyLogger1.framework in Embed Frameworks */,
			);
			name = "Embed Frameworks";
			runOnlyForDeploymentPostprocessing = 0;
		};
/* End PBXCopyFilesBuildPhase section */

/* Begin PBXFileReference section */
		1782A01223EF20DA51F67405 /* Pods-vadmitrievaPW6.release.xcconfig */ = {isa = PBXFileReference; includeInIndex = 1; lastKnownFileType = text.xcconfig; name = "Pods-vadmitrievaPW6.release.xcconfig"; path = "Target Support Files/Pods-vadmitrievaPW6/Pods-vadmitrievaPW6.release.xcconfig"; sourceTree = "<group>"; };
		30AE5B01EAE6ECEDE3FE2404 /* Pods-vadmitrievaPW6.debug.xcconfig */ = {isa = PBXFileReference; includeInIndex = 1; lastKnownFileType = text.xcconfig; name = "Pods-vadmitrievaPW6.debug.xcconfig"; path = "Target Support Files/Pods-vadmitrievaPW6/Pods-vadmitrievaPW6.debug.xcconfig"; sourceTree = "<group>"; };
		6C4A1C953BFC4ABCDCAE97C8 /* Pods_vadmitrievaPW6.framework */ = {isa = PBXFileReference; explicitFileType = wrapper.framework; includeInIndex = 0; path = Pods_vadmitrievaPW6.framework; sourceTree = BUILT_PRODUCTS_DIR; };
		F909B3F12746E2C8004885BD /* vadmitrievaPW6.app */ = {isa = PBXFileReference; explicitFileType = wrapper.application; includeInIndex = 0; path = vadmitrievaPW6.app; sourceTree = BUILT_PRODUCTS_DIR; };
		F909B3F42746E2C8004885BD /* AppDelegate.swift */ = {isa = PBXFileReference; lastKnownFileType = sourcecode.swift; path = AppDelegate.swift; sourceTree = "<group>"; };
		F909B3F62746E2C8004885BD /* SceneDelegate.swift */ = {isa = PBXFileReference; lastKnownFileType = sourcecode.swift; path = SceneDelegate.swift; sourceTree = "<group>"; };
		F909B3F82746E2C8004885BD /* ViewController.swift */ = {isa = PBXFileReference; lastKnownFileType = sourcecode.swift; path = ViewController.swift; sourceTree = "<group>"; };
		F909B3FD2746E2D3004885BD /* Assets.xcassets */ = {isa = PBXFileReference; lastKnownFileType = folder.assetcatalog; path = Assets.xcassets; sourceTree = "<group>"; };
		F909B4002746E2D3004885BD /* Base */ = {isa = PBXFileReference; lastKnownFileType = file.storyboard; name = Base; path = Base.lproj/LaunchScreen.storyboard; sourceTree = "<group>"; };
		F909B4022746E2D3004885BD /* Info.plist */ = {isa = PBXFileReference; lastKnownFileType = text.plist.xml; path = Info.plist; sourceTree = "<group>"; };
		F909B41E27471399004885BD /* MyLogger1.xcodeproj */ = {isa = PBXFileReference; lastKnownFileType = "wrapper.pb-project"; name = MyLogger1.xcodeproj; path = ../MyLogger1/MyLogger1.xcodeproj; sourceTree = "<group>"; };
		F909B42927472B82004885BD /* MyLogger2 */ = {isa = PBXFileReference; lastKnownFileType = folder; name = MyLogger2; path = ../MyLogger2; sourceTree = "<group>"; };
/* End PBXFileReference section */

/* Begin PBXFrameworksBuildPhase section */
		F909B3EE2746E2C8004885BD /* Frameworks */ = {
			isa = PBXFrameworksBuildPhase;
			buildActionMask = 2147483647;
			files = (
				F909B42527471486004885BD /* MyLogger1.framework in Frameworks */,
				F909B42B27472BD4004885BD /* MyLogger2 in Frameworks */,
				9E94367864FA5684963F45E1 /* Pods_vadmitrievaPW6.framework in Frameworks */,
			);
			runOnlyForDeploymentPostprocessing = 0;
		};
/* End PBXFrameworksBuildPhase section */

/* Begin PBXGroup section */
		18401D95AC4485F51F34DDB7 /* Pods */ = {
			isa = PBXGroup;
			children = (
				30AE5B01EAE6ECEDE3FE2404 /* Pods-vadmitrievaPW6.debug.xcconfig */,
				1782A01223EF20DA51F67405 /* Pods-vadmitrievaPW6.release.xcconfig */,
			);
			name = Pods;
			path = Pods;
			sourceTree = "<group>";
		};
		F909B3E82746E2C8004885BD = {
			isa = PBXGroup;
			children = (
				F909B42827472B82004885BD /* Packages */,
				F909B41E27471399004885BD /* MyLogger1.xcodeproj */,
				F909B3F32746E2C8004885BD /* vadmitrievaPW6 */,
				F909B3F22746E2C8004885BD /* Products */,
				F909B42427471486004885BD /* Frameworks */,
				18401D95AC4485F51F34DDB7 /* Pods */,
			);
			sourceTree = "<group>";
		};
		F909B3F22746E2C8004885BD /* Products */ = {
			isa = PBXGroup;
			children = (
				F909B3F12746E2C8004885BD /* vadmitrievaPW6.app */,
			);
			name = Products;
			sourceTree = "<group>";
		};
		F909B3F32746E2C8004885BD /* vadmitrievaPW6 */ = {
			isa = PBXGroup;
			children = (
				F909B3F42746E2C8004885BD /* AppDelegate.swift */,
				F909B3F62746E2C8004885BD /* SceneDelegate.swift */,
				F909B3F82746E2C8004885BD /* ViewController.swift */,
				F909B3FD2746E2D3004885BD /* Assets.xcassets */,
				F909B3FF2746E2D3004885BD /* LaunchScreen.storyboard */,
				F909B4022746E2D3004885BD /* Info.plist */,
			);
			path = vadmitrievaPW6;
			sourceTree = "<group>";
		};
		F909B41F27471399004885BD /* Products */ = {
			isa = PBXGroup;
			children = (
				F909B4232747139A004885BD /* MyLogger1.framework */,
			);
			name = Products;
			sourceTree = "<group>";
		};
		F909B42427471486004885BD /* Frameworks */ = {
			isa = PBXGroup;
			children = (
				6C4A1C953BFC4ABCDCAE97C8 /* Pods_vadmitrievaPW6.framework */,
			);
			name = Frameworks;
			sourceTree = "<group>";
		};
		F909B42827472B82004885BD /* Packages */ = {
			isa = PBXGroup;
			children = (
				F909B42927472B82004885BD /* MyLogger2 */,
			);
			name = Packages;
			sourceTree = "<group>";
		};
/* End PBXGroup section */

/* Begin PBXNativeTarget section */
		F909B3F02746E2C8004885BD /* vadmitrievaPW6 */ = {
			isa = PBXNativeTarget;
			buildConfigurationList = F909B4052746E2D3004885BD /* Build configuration list for PBXNativeTarget "vadmitrievaPW6" */;
			buildPhases = (
				7E03BC2571F901EE7EE93991 /* [CP] Check Pods Manifest.lock */,
				F909B3ED2746E2C8004885BD /* Sources */,
				F909B3EE2746E2C8004885BD /* Frameworks */,
				F909B3EF2746E2C8004885BD /* Resources */,
				F909B42727471487004885BD /* Embed Frameworks */,
				3DC44F285BFFBA906812A031 /* [CP] Embed Pods Frameworks */,
			);
			buildRules = (
			);
			dependencies = (
			);
			name = vadmitrievaPW6;
			packageProductDependencies = (
				F909B42A27472BD4004885BD /* MyLogger2 */,
			);
			productName = vadmitrievaPW6;
			productReference = F909B3F12746E2C8004885BD /* vadmitrievaPW6.app */;
			productType = "com.apple.product-type.application";
		};
/* End PBXNativeTarget section */

/* Begin PBXProject section */
		F909B3E92746E2C8004885BD /* Project object */ = {
			isa = PBXProject;
			attributes = {
				BuildIndependentTargetsInParallel = 1;
				LastSwiftUpdateCheck = 1300;
				LastUpgradeCheck = 1300;
				TargetAttributes = {
					F909B3F02746E2C8004885BD = {
						CreatedOnToolsVersion = 13.0;
					};
				};
			};
			buildConfigurationList = F909B3EC2746E2C8004885BD /* Build configuration list for PBXProject "vadmitrievaPW6" */;
			compatibilityVersion = "Xcode 13.0";
			developmentRegion = en;
			hasScannedForEncodings = 0;
			knownRegions = (
				en,
				Base,
			);
			mainGroup = F909B3E82746E2C8004885BD;
			productRefGroup = F909B3F22746E2C8004885BD /* Products */;
			projectDirPath = "";
			projectReferences = (
				{
					ProductGroup = F909B41F27471399004885BD /* Products */;
					ProjectRef = F909B41E27471399004885BD /* MyLogger1.xcodeproj */;
				},
			);
			projectRoot = "";
			targets = (
				F909B3F02746E2C8004885BD /* vadmitrievaPW6 */,
			);
		};
/* End PBXProject section */

/* Begin PBXReferenceProxy section */
		F909B4232747139A004885BD /* MyLogger1.framework */ = {
			isa = PBXReferenceProxy;
			fileType = wrapper.framework;
			path = MyLogger1.framework;
			remoteRef = F909B4222747139A004885BD /* PBXContainerItemProxy */;
			sourceTree = BUILT_PRODUCTS_DIR;
		};
/* End PBXReferenceProxy section */

/* Begin PBXResourcesBuildPhase section */
		F909B3EF2746E2C8004885BD /* Resources */ = {
			isa = PBXResourcesBuildPhase;
			buildActionMask = 2147483647;
			files = (
				F909B4012746E2D3004885BD /* LaunchScreen.storyboard in Resources */,
				F909B3FE2746E2D3004885BD /* Assets.xcassets in Resources */,
			);
			runOnlyForDeploymentPostprocessing = 0;
		};
/* End PBXResourcesBuildPhase section */

/* Begin PBXShellScriptBuildPhase section */
		3DC44F285BFFBA906812A031 /* [CP] Embed Pods Frameworks */ = {
			isa = PBXShellScriptBuildPhase;
			buildActionMask = 2147483647;
			files = (
			);
			inputFileListPaths = (
				"${PODS_ROOT}/Target Support Files/Pods-vadmitrievaPW6/Pods-vadmitrievaPW6-frameworks-${CONFIGURATION}-input-files.xcfilelist",
			);
			name = "[CP] Embed Pods Frameworks";
			outputFileListPaths = (
				"${PODS_ROOT}/Target Support Files/Pods-vadmitrievaPW6/Pods-vadmitrievaPW6-frameworks-${CONFIGURATION}-output-files.xcfilelist",
			);
			runOnlyForDeploymentPostprocessing = 0;
			shellPath = /bin/sh;
			shellScript = "\"${PODS_ROOT}/Target Support Files/Pods-vadmitrievaPW6/Pods-vadmitrievaPW6-frameworks.sh\"\n";
			showEnvVarsInLog = 0;
		};
		7E03BC2571F901EE7EE93991 /* [CP] Check Pods Manifest.lock */ = {
			isa = PBXShellScriptBuildPhase;
			buildActionMask = 2147483647;
			files = (
			);
			inputFileListPaths = (
			);
			inputPaths = (
				"${PODS_PODFILE_DIR_PATH}/Podfile.lock",
				"${PODS_ROOT}/Manifest.lock",
			);
			name = "[CP] Check Pods Manifest.lock";
			outputFileListPaths = (
			);
			outputPaths = (
				"$(DERIVED_FILE_DIR)/Pods-vadmitrievaPW6-checkManifestLockResult.txt",
			);
			runOnlyForDeploymentPostprocessing = 0;
			shellPath = /bin/sh;
			shellScript = "diff \"${PODS_PODFILE_DIR_PATH}/Podfile.lock\" \"${PODS_ROOT}/Manifest.lock\" > /dev/null\nif [ $? != 0 ] ; then\n    # print error to STDERR\n    echo \"error: The sandbox is not in sync with the Podfile.lock. Run 'pod install' or update your CocoaPods installation.\" >&2\n    exit 1\nfi\n# This output is used by Xcode 'outputs' to avoid re-running this script phase.\necho \"SUCCESS\" > \"${SCRIPT_OUTPUT_FILE_0}\"\n";
			showEnvVarsInLog = 0;
		};
/* End PBXShellScriptBuildPhase section */

/* Begin PBXSourcesBuildPhase section */
		F909B3ED2746E2C8004885BD /* Sources */ = {
			isa = PBXSourcesBuildPhase;
			buildActionMask = 2147483647;
			files = (
				F909B3F92746E2C8004885BD /* ViewController.swift in Sources */,
				F909B3F52746E2C8004885BD /* AppDelegate.swift in Sources */,
				F909B3F72746E2C8004885BD /* SceneDelegate.swift in Sources */,
			);
			runOnlyForDeploymentPostprocessing = 0;
		};
/* End PBXSourcesBuildPhase section */

/* Begin PBXVariantGroup section */
		F909B3FF2746E2D3004885BD /* LaunchScreen.storyboard */ = {
			isa = PBXVariantGroup;
			children = (
				F909B4002746E2D3004885BD /* Base */,
			);
			name = LaunchScreen.storyboard;
			sourceTree = "<group>";
		};
/* End PBXVariantGroup section */

/* Begin XCBuildConfiguration section */
		F909B4032746E2D3004885BD /* Debug */ = {
			isa = XCBuildConfiguration;
			buildSettings = {
				ALWAYS_SEARCH_USER_PATHS = NO;
				CLANG_ANALYZER_NONNULL = YES;
				CLANG_ANALYZER_NUMBER_OBJECT_CONVERSION = YES_AGGRESSIVE;
				CLANG_CXX_LANGUAGE_STANDARD = "gnu++17";
				CLANG_CXX_LIBRARY = "libc++";
				CLANG_ENABLE_MODULES = YES;
				CLANG_ENABLE_OBJC_ARC = YES;
				CLANG_ENABLE_OBJC_WEAK = YES;
				CLANG_WARN_BLOCK_CAPTURE_AUTORELEASING = YES;
				CLANG_WARN_BOOL_CONVERSION = YES;
				CLANG_WARN_COMMA = YES;
				CLANG_WARN_CONSTANT_CONVERSION = YES;
				CLANG_WARN_DEPRECATED_OBJC_IMPLEMENTATIONS = YES;
				CLANG_WARN_DIRECT_OBJC_ISA_USAGE = YES_ERROR;
				CLANG_WARN_DOCUMENTATION_COMMENTS = YES;
				CLANG_WARN_EMPTY_BODY = YES;
				CLANG_WARN_ENUM_CONVERSION = YES;
				CLANG_WARN_INFINITE_RECURSION = YES;
				CLANG_WARN_INT_CONVERSION = YES;
				CLANG_WARN_NON_LITERAL_NULL_CONVERSION = YES;
				CLANG_WARN_OBJC_IMPLICIT_RETAIN_SELF = YES;
				CLANG_WARN_OBJC_LITERAL_CONVERSION = YES;
				CLANG_WARN_OBJC_ROOT_CLASS = YES_ERROR;
				CLANG_WARN_QUOTED_INCLUDE_IN_FRAMEWORK_HEADER = YES;
				CLANG_WARN_RANGE_LOOP_ANALYSIS = YES;
				CLANG_WARN_STRICT_PROTOTYPES = YES;
				CLANG_WARN_SUSPICIOUS_MOVE = YES;
				CLANG_WARN_UNGUARDED_AVAILABILITY = YES_AGGRESSIVE;
				CLANG_WARN_UNREACHABLE_CODE = YES;
				CLANG_WARN__DUPLICATE_METHOD_MATCH = YES;
				COPY_PHASE_STRIP = NO;
				DEBUG_INFORMATION_FORMAT = dwarf;
				ENABLE_STRICT_OBJC_MSGSEND = YES;
				ENABLE_TESTABILITY = YES;
				GCC_C_LANGUAGE_STANDARD = gnu11;
				GCC_DYNAMIC_NO_PIC = NO;
				GCC_NO_COMMON_BLOCKS = YES;
				GCC_OPTIMIZATION_LEVEL = 0;
				GCC_PREPROCESSOR_DEFINITIONS = (
					"DEBUG=1",
					"$(inherited)",
				);
				GCC_WARN_64_TO_32_BIT_CONVERSION = YES;
				GCC_WARN_ABOUT_RETURN_TYPE = YES_ERROR;
				GCC_WARN_UNDECLARED_SELECTOR = YES;
				GCC_WARN_UNINITIALIZED_AUTOS = YES_AGGRESSIVE;
				GCC_WARN_UNUSED_FUNCTION = YES;
				GCC_WARN_UNUSED_VARIABLE = YES;
				IPHONEOS_DEPLOYMENT_TARGET = 15.0;
				MTL_ENABLE_DEBUG_INFO = INCLUDE_SOURCE;
				MTL_FAST_MATH = YES;
				ONLY_ACTIVE_ARCH = YES;
				SDKROOT = iphoneos;
				SWIFT_ACTIVE_COMPILATION_CONDITIONS = DEBUG;
				SWIFT_OPTIMIZATION_LEVEL = "-Onone";
			};
			name = Debug;
		};
		F909B4042746E2D3004885BD /* Release */ = {
			isa = XCBuildConfiguration;
			buildSettings = {
				ALWAYS_SEARCH_USER_PATHS = NO;
				CLANG_ANALYZER_NONNULL = YES;
				CLANG_ANALYZER_NUMBER_OBJECT_CONVERSION = YES_AGGRESSIVE;
				CLANG_CXX_LANGUAGE_STANDARD = "gnu++17";
				CLANG_CXX_LIBRARY = "libc++";
				CLANG_ENABLE_MODULES = YES;
				CLANG_ENABLE_OBJC_ARC = YES;
				CLANG_ENABLE_OBJC_WEAK = YES;
				CLANG_WARN_BLOCK_CAPTURE_AUTORELEASING = YES;
				CLANG_WARN_BOOL_CONVERSION = YES;
				CLANG_WARN_COMMA = YES;
				CLANG_WARN_CONSTANT_CONVERSION = YES;
				CLANG_WARN_DEPRECATED_OBJC_IMPLEMENTATIONS = YES;
				CLANG_WARN_DIRECT_OBJC_ISA_USAGE = YES_ERROR;
				CLANG_WARN_DOCUMENTATION_COMMENTS = YES;
				CLANG_WARN_EMPTY_BODY = YES;
				CLANG_WARN_ENUM_CONVERSION = YES;
				CLANG_WARN_INFINITE_RECURSION = YES;
				CLANG_WARN_INT_CONVERSION = YES;
				CLANG_WARN_NON_LITERAL_NULL_CONVERSION = YES;
				CLANG_WARN_OBJC_IMPLICIT_RETAIN_SELF = YES;
				CLANG_WARN_OBJC_LITERAL_CONVERSION = YES;
				CLANG_WARN_OBJC_ROOT_CLASS = YES_ERROR;
				CLANG_WARN_QUOTED_INCLUDE_IN_FRAMEWORK_HEADER = YES;
				CLANG_WARN_RANGE_LOOP_ANALYSIS = YES;
				CLANG_WARN_STRICT_PROTOTYPES = YES;
				CLANG_WARN_SUSPICIOUS_MOVE = YES;
				CLANG_WARN_UNGUARDED_AVAILABILITY = YES_AGGRESSIVE;
				CLANG_WARN_UNREACHABLE_CODE = YES;
				CLANG_WARN__DUPLICATE_METHOD_MATCH = YES;
				COPY_PHASE_STRIP = NO;
				DEBUG_INFORMATION_FORMAT = "dwarf-with-dsym";
				ENABLE_NS_ASSERTIONS = NO;
				ENABLE_STRICT_OBJC_MSGSEND = YES;
				GCC_C_LANGUAGE_STANDARD = gnu11;
				GCC_NO_COMMON_BLOCKS = YES;
				GCC_WARN_64_TO_32_BIT_CONVERSION = YES;
				GCC_WARN_ABOUT_RETURN_TYPE = YES_ERROR;
				GCC_WARN_UNDECLARED_SELECTOR = YES;
				GCC_WARN_UNINITIALIZED_AUTOS = YES_AGGRESSIVE;
				GCC_WARN_UNUSED_FUNCTION = YES;
				GCC_WARN_UNUSED_VARIABLE = YES;
				IPHONEOS_DEPLOYMENT_TARGET = 15.0;
				MTL_ENABLE_DEBUG_INFO = NO;
				MTL_FAST_MATH = YES;
				SDKROOT = iphoneos;
				SWIFT_COMPILATION_MODE = wholemodule;
				SWIFT_OPTIMIZATION_LEVEL = "-O";
				VALIDATE_PRODUCT = YES;
			};
			name = Release;
		};
		F909B4062746E2D3004885BD /* Debug */ = {
			isa = XCBuildConfiguration;
			baseConfigurationReference = 30AE5B01EAE6ECEDE3FE2404 /* Pods-vadmitrievaPW6.debug.xcconfig */;
			buildSettings = {
				ASSETCATALOG_COMPILER_APPICON_NAME = AppIcon;
				ASSETCATALOG_COMPILER_GLOBAL_ACCENT_COLOR_NAME = AccentColor;
				CODE_SIGN_STYLE = Automatic;
				CURRENT_PROJECT_VERSION = 1;
				GENERATE_INFOPLIST_FILE = YES;
				INFOPLIST_FILE = vadmitrievaPW6/Info.plist;
				INFOPLIST_KEY_UIApplicationSupportsIndirectInputEvents = YES;
				INFOPLIST_KEY_UILaunchStoryboardName = LaunchScreen;
				INFOPLIST_KEY_UISupportedInterfaceOrientations_iPad = "UIInterfaceOrientationPortrait UIInterfaceOrientationPortraitUpsideDown UIInterfaceOrientationLandscapeLeft UIInterfaceOrientationLandscapeRight";
				INFOPLIST_KEY_UISupportedInterfaceOrientations_iPhone = "UIInterfaceOrientationPortrait UIInterfaceOrientationLandscapeLeft UIInterfaceOrientationLandscapeRight";
				LD_RUNPATH_SEARCH_PATHS = (
					"$(inherited)",
					"@executable_path/Frameworks",
				);
				MARKETING_VERSION = 1.0;
				PRODUCT_BUNDLE_IDENTIFIER = dmitrieva.vadmitrievaPW6;
				PRODUCT_NAME = "$(TARGET_NAME)";
				SWIFT_EMIT_LOC_STRINGS = YES;
				SWIFT_VERSION = 5.0;
				TARGETED_DEVICE_FAMILY = "1,2";
			};
			name = Debug;
		};
		F909B4072746E2D3004885BD /* Release */ = {
			isa = XCBuildConfiguration;
			baseConfigurationReference = 1782A01223EF20DA51F67405 /* Pods-vadmitrievaPW6.release.xcconfig */;
			buildSettings = {
				ASSETCATALOG_COMPILER_APPICON_NAME = AppIcon;
				ASSETCATALOG_COMPILER_GLOBAL_ACCENT_COLOR_NAME = AccentColor;
				CODE_SIGN_STYLE = Automatic;
				CURRENT_PROJECT_VERSION = 1;
				GENERATE_INFOPLIST_FILE = YES;
				INFOPLIST_FILE = vadmitrievaPW6/Info.plist;
				INFOPLIST_KEY_UIApplicationSupportsIndirectInputEvents = YES;
				INFOPLIST_KEY_UILaunchStoryboardName = LaunchScreen;
				INFOPLIST_KEY_UISupportedInterfaceOrientations_iPad = "UIInterfaceOrientationPortrait UIInterfaceOrientationPortraitUpsideDown UIInterfaceOrientationLandscapeLeft UIInterfaceOrientationLandscapeRight";
				INFOPLIST_KEY_UISupportedInterfaceOrientations_iPhone = "UIInterfaceOrientationPortrait UIInterfaceOrientationLandscapeLeft UIInterfaceOrientationLandscapeRight";
				LD_RUNPATH_SEARCH_PATHS = (
					"$(inherited)",
					"@executable_path/Frameworks",
				);
				MARKETING_VERSION = 1.0;
				PRODUCT_BUNDLE_IDENTIFIER = dmitrieva.vadmitrievaPW6;
				PRODUCT_NAME = "$(TARGET_NAME)";
				SWIFT_EMIT_LOC_STRINGS = YES;
				SWIFT_VERSION = 5.0;
				TARGETED_DEVICE_FAMILY = "1,2";
			};
			name = Release;
		};
/* End XCBuildConfiguration section */

/* Begin XCConfigurationList section */
		F909B3EC2746E2C8004885BD /* Build configuration list for PBXProject "vadmitrievaPW6" */ = {
			isa = XCConfigurationList;
			buildConfigurations = (
				F909B4032746E2D3004885BD /* Debug */,
				F909B4042746E2D3004885BD /* Release */,
			);
			defaultConfigurationIsVisible = 0;
			defaultConfigurationName = Release;
		};
		F909B4052746E2D3004885BD /* Build configuration list for PBXNativeTarget "vadmitrievaPW6" */ = {
			isa = XCConfigurationList;
			buildConfigurations = (
				F909B4062746E2D3004885BD /* Debug */,
				F909B4072746E2D3004885BD /* Release */,
			);
			defaultConfigurationIsVisible = 0;
			defaultConfigurationName = Release;
		};
/* End XCConfigurationList section */

/* Begin XCSwiftPackageProductDependency section */
		F909B42A27472BD4004885BD /* MyLogger2 */ = {
			isa = XCSwiftPackageProductDependency;
			productName = MyLogger2;
		};
/* End XCSwiftPackageProductDependency section */
	};
	rootObject = F909B3E92746E2C8004885BD /* Project object */;
}
